
Microsoft Visual Studio Solution File, Format Version 12.00
# Visual Studio 15
VisualStudioVersion = 15.0.28307.572
MinimumVisualStudioVersion = 10.0.40219.1
Project("{FAE04EC0-301F-11D3-BF4B-00C04F79EFBC}") = "Tetris", "Tetris\Tetris.csproj", "{4943F767-3A0C-42B8-B895-87A0B18AA4B9}"
EndProject
Global
	GlobalSection(SolutionConfigurationPlatforms) = preSolution
		Debug|Any CPU = Debug|Any CPU
		Release|Any CPU = Release|Any CPU
	EndGlobalSection
	GlobalSection(ProjectConfigurationPlatforms) = postSolution
		{4943F767-3A0C-42B8-B895-87A0B18AA4B9}.Debug|Any CPU.ActiveCfg = Debug|Any CPU
		{4943F767-3A0C-42B8-B895-87A0B18AA4B9}.Debug|Any CPU.Build.0 = Debug|Any CPU
		{4943F767-3A0C-42B8-B895-87A0B18AA4B9}.Release|Any CPU.ActiveCfg = Release|Any CPU
		{4943F767-3A0C-42B8-B895-87A0B18AA4B9}.Release|Any CPU.Build.0 = Release|Any CPU
	EndGlobalSection
	GlobalSection(SolutionProperties) = preSolution
		HideSolutionNode = FALSE
	EndGlobalSection
	GlobalSection(ExtensibilityGlobals) = postSolution
		SolutionGuid = {9817D6A9-4617-4572-9070-0056D59DF61E}
	EndGlobalSection
EndGlobal
